// !$*UTF8*$!
{
	archiveVersion = 1;
	classes = {
	};
	objectVersion = 46;
	objects = {

/* Begin PBXBuildFile section */
		53023FDC1DF227580095BA89 /* View.swift in Sources */ = {isa = PBXBuildFile; fileRef = 53023FDB1DF227580095BA89 /* View.swift */; };
		535FF27C1DD9226300180BC4 /* FindTableViewController.swift in Sources */ = {isa = PBXBuildFile; fileRef = 535FF27B1DD9226300180BC4 /* FindTableViewController.swift */; };
		535FF27E1DD9227D00180BC4 /* CompanyTableViewCell.swift in Sources */ = {isa = PBXBuildFile; fileRef = 535FF27D1DD9227D00180BC4 /* CompanyTableViewCell.swift */; };
		53CD9FB31DE2471900D2BFD3 /* CompanySwipeViewController.swift in Sources */ = {isa = PBXBuildFile; fileRef = 53CD9FB21DE2471900D2BFD3 /* CompanySwipeViewController.swift */; };
		53CD9FC31DE2AED900D2BFD3 /* ProfileTableViewController.swift in Sources */ = {isa = PBXBuildFile; fileRef = 53CD9FC21DE2AED900D2BFD3 /* ProfileTableViewController.swift */; };
		53CD9FC51DE3AF8C00D2BFD3 /* SearchViewController.swift in Sources */ = {isa = PBXBuildFile; fileRef = 53CD9FC41DE3AF8C00D2BFD3 /* SearchViewController.swift */; };
		53CD9FD81DE50CD700D2BFD3 /* Match2ViewController.swift in Sources */ = {isa = PBXBuildFile; fileRef = 53CD9FD71DE50CD700D2BFD3 /* Match2ViewController.swift */; };
		53CD9FE01DEDFF6C00D2BFD3 /* NavigationViewController.swift in Sources */ = {isa = PBXBuildFile; fileRef = 53CD9FDF1DEDFF6C00D2BFD3 /* NavigationViewController.swift */; };
		9135FFB31DECB237004C83FD /* Database.swift in Sources */ = {isa = PBXBuildFile; fileRef = 9135FFB21DECB237004C83FD /* Database.swift */; };
		9135FFB51DECC4B9004C83FD /* FavoriteCollectionViewCell.swift in Sources */ = {isa = PBXBuildFile; fileRef = 9135FFB41DECC4B9004C83FD /* FavoriteCollectionViewCell.swift */; };
		9135FFB71DECC56C004C83FD /* FavoritesCollectionViewController.swift in Sources */ = {isa = PBXBuildFile; fileRef = 9135FFB61DECC56C004C83FD /* FavoritesCollectionViewController.swift */; };
		9143F74A1DD0F3150030368D /* AppDelegate.swift in Sources */ = {isa = PBXBuildFile; fileRef = 9143F7491DD0F3150030368D /* AppDelegate.swift */; };
		9143F74E1DD0F3150030368D /* ContactViewController.swift in Sources */ = {isa = PBXBuildFile; fileRef = 9143F74D1DD0F3150030368D /* ContactViewController.swift */; };
		9143F7511DD0F3150030368D /* Main.storyboard in Resources */ = {isa = PBXBuildFile; fileRef = 9143F74F1DD0F3150030368D /* Main.storyboard */; };
		9143F7531DD0F3150030368D /* Assets.xcassets in Resources */ = {isa = PBXBuildFile; fileRef = 9143F7521DD0F3150030368D /* Assets.xcassets */; };
		9143F7561DD0F3150030368D /* LaunchScreen.storyboard in Resources */ = {isa = PBXBuildFile; fileRef = 9143F7541DD0F3150030368D /* LaunchScreen.storyboard */; };
		9143F7611DD0F5B30030368D /* MapViewController.swift in Sources */ = {isa = PBXBuildFile; fileRef = 9143F7601DD0F5B30030368D /* MapViewController.swift */; };
		9143F7681DD0F6700030368D /* Profile.swift in Sources */ = {isa = PBXBuildFile; fileRef = 9143F7671DD0F6700030368D /* Profile.swift */; };
		9143F76A1DD0FA910030368D /* TabBarController.swift in Sources */ = {isa = PBXBuildFile; fileRef = 9143F7691DD0FA910030368D /* TabBarController.swift */; };
		9143F76C1DD0FB220030368D /* Colors.swift in Sources */ = {isa = PBXBuildFile; fileRef = 9143F76B1DD0FB220030368D /* Colors.swift */; };
		915CDEE11DD8EA330032817F /* CompanyViewController.swift in Sources */ = {isa = PBXBuildFile; fileRef = 915CDEE01DD8EA330032817F /* CompanyViewController.swift */; };
		915CDEE51DD8EC6F0032817F /* Company.swift in Sources */ = {isa = PBXBuildFile; fileRef = 915CDEE41DD8EC6F0032817F /* Company.swift */; };
		915CDEE71DD8ECD50032817F /* Favorite.swift in Sources */ = {isa = PBXBuildFile; fileRef = 915CDEE61DD8ECD50032817F /* Favorite.swift */; };
		915CDEE91DD8FEF00032817F /* AccoridionViewController.swift in Sources */ = {isa = PBXBuildFile; fileRef = 915CDEE81DD8FEF00032817F /* AccoridionViewController.swift */; };
		9176221A1DEEAE2E00B4199A /* NoFavoritesCollectionViewCell.swift in Sources */ = {isa = PBXBuildFile; fileRef = 917622191DEEAE2E00B4199A /* NoFavoritesCollectionViewCell.swift */; };
		919E960F1DD913B500292231 /* ALSeparatorView.swift in Sources */ = {isa = PBXBuildFile; fileRef = 919E960D1DD913B500292231 /* ALSeparatorView.swift */; };
		919E96121DD913DD00292231 /* ALSingleLineHeaderView.swift in Sources */ = {isa = PBXBuildFile; fileRef = 919E96111DD913DD00292231 /* ALSingleLineHeaderView.swift */; };
		919E961C1DDAF34B00292231 /* ContactTableViewCell.swift in Sources */ = {isa = PBXBuildFile; fileRef = 919E961B1DDAF34B00292231 /* ContactTableViewCell.swift */; };
		919E961E1DDAF3A700292231 /* ContactTableViewController.swift in Sources */ = {isa = PBXBuildFile; fileRef = 919E961D1DDAF3A700292231 /* ContactTableViewController.swift */; };
		919E96201DDAF42400292231 /* Contact.swift in Sources */ = {isa = PBXBuildFile; fileRef = 919E961F1DDAF42400292231 /* Contact.swift */; };
		FACD8132ED281D8512243DE8 /* Pods_fiNDme.framework in Frameworks */ = {isa = PBXBuildFile; fileRef = 5FB4A0BA1A096FA0B84FC809 /* Pods_fiNDme.framework */; };
/* End PBXBuildFile section */

/* Begin PBXFileReference section */
		1A7B6904835C1839542CFE6C /* Pods-fiNDme.debug.xcconfig */ = {isa = PBXFileReference; includeInIndex = 1; lastKnownFileType = text.xcconfig; name = "Pods-fiNDme.debug.xcconfig"; path = "Pods/Target Support Files/Pods-fiNDme/Pods-fiNDme.debug.xcconfig"; sourceTree = "<group>"; };
		53023FDB1DF227580095BA89 /* View.swift */ = {isa = PBXFileReference; fileEncoding = 4; lastKnownFileType = sourcecode.swift; path = View.swift; sourceTree = "<group>"; };
		535FF27B1DD9226300180BC4 /* FindTableViewController.swift */ = {isa = PBXFileReference; fileEncoding = 4; lastKnownFileType = sourcecode.swift; name = FindTableViewController.swift; path = ../FindTableViewController.swift; sourceTree = "<group>"; };
		535FF27D1DD9227D00180BC4 /* CompanyTableViewCell.swift */ = {isa = PBXFileReference; fileEncoding = 4; lastKnownFileType = sourcecode.swift; name = CompanyTableViewCell.swift; path = ../CompanyTableViewCell.swift; sourceTree = "<group>"; };
		53CD9FB21DE2471900D2BFD3 /* CompanySwipeViewController.swift */ = {isa = PBXFileReference; fileEncoding = 4; lastKnownFileType = sourcecode.swift; path = CompanySwipeViewController.swift; sourceTree = "<group>"; };
		53CD9FC21DE2AED900D2BFD3 /* ProfileTableViewController.swift */ = {isa = PBXFileReference; fileEncoding = 4; lastKnownFileType = sourcecode.swift; path = ProfileTableViewController.swift; sourceTree = "<group>"; };
		53CD9FC41DE3AF8C00D2BFD3 /* SearchViewController.swift */ = {isa = PBXFileReference; fileEncoding = 4; lastKnownFileType = sourcecode.swift; path = SearchViewController.swift; sourceTree = "<group>"; };
		53CD9FD71DE50CD700D2BFD3 /* Match2ViewController.swift */ = {isa = PBXFileReference; fileEncoding = 4; lastKnownFileType = sourcecode.swift; path = Match2ViewController.swift; sourceTree = "<group>"; };
		53CD9FDF1DEDFF6C00D2BFD3 /* NavigationViewController.swift */ = {isa = PBXFileReference; fileEncoding = 4; lastKnownFileType = sourcecode.swift; path = NavigationViewController.swift; sourceTree = "<group>"; };
		5DE8CD1C66DF5FDD1F28F55E /* Pods-fiNDme.release.xcconfig */ = {isa = PBXFileReference; includeInIndex = 1; lastKnownFileType = text.xcconfig; name = "Pods-fiNDme.release.xcconfig"; path = "Pods/Target Support Files/Pods-fiNDme/Pods-fiNDme.release.xcconfig"; sourceTree = "<group>"; };
		5FB4A0BA1A096FA0B84FC809 /* Pods_fiNDme.framework */ = {isa = PBXFileReference; explicitFileType = wrapper.framework; includeInIndex = 0; path = Pods_fiNDme.framework; sourceTree = BUILT_PRODUCTS_DIR; };
		9135FFB21DECB237004C83FD /* Database.swift */ = {isa = PBXFileReference; fileEncoding = 4; lastKnownFileType = sourcecode.swift; path = Database.swift; sourceTree = "<group>"; };
		9135FFB41DECC4B9004C83FD /* FavoriteCollectionViewCell.swift */ = {isa = PBXFileReference; fileEncoding = 4; lastKnownFileType = sourcecode.swift; path = FavoriteCollectionViewCell.swift; sourceTree = "<group>"; };
		9135FFB61DECC56C004C83FD /* FavoritesCollectionViewController.swift */ = {isa = PBXFileReference; fileEncoding = 4; lastKnownFileType = sourcecode.swift; path = FavoritesCollectionViewController.swift; sourceTree = "<group>"; };
		9143F7461DD0F3150030368D /* fiNDme.app */ = {isa = PBXFileReference; explicitFileType = wrapper.application; includeInIndex = 0; path = fiNDme.app; sourceTree = BUILT_PRODUCTS_DIR; };
		9143F7491DD0F3150030368D /* AppDelegate.swift */ = {isa = PBXFileReference; lastKnownFileType = sourcecode.swift; path = AppDelegate.swift; sourceTree = "<group>"; };
		9143F74D1DD0F3150030368D /* ContactViewController.swift */ = {isa = PBXFileReference; lastKnownFileType = sourcecode.swift; path = ContactViewController.swift; sourceTree = "<group>"; };
		9143F7501DD0F3150030368D /* Base */ = {isa = PBXFileReference; lastKnownFileType = file.storyboard; name = Base; path = Base.lproj/Main.storyboard; sourceTree = "<group>"; };
		9143F7521DD0F3150030368D /* Assets.xcassets */ = {isa = PBXFileReference; lastKnownFileType = folder.assetcatalog; path = Assets.xcassets; sourceTree = "<group>"; };
		9143F7551DD0F3150030368D /* Base */ = {isa = PBXFileReference; lastKnownFileType = file.storyboard; name = Base; path = Base.lproj/LaunchScreen.storyboard; sourceTree = "<group>"; };
		9143F7571DD0F3150030368D /* Info.plist */ = {isa = PBXFileReference; lastKnownFileType = text.plist.xml; path = Info.plist; sourceTree = "<group>"; };
		9143F7601DD0F5B30030368D /* MapViewController.swift */ = {isa = PBXFileReference; fileEncoding = 4; lastKnownFileType = sourcecode.swift; path = MapViewController.swift; sourceTree = "<group>"; };
		9143F7671DD0F6700030368D /* Profile.swift */ = {isa = PBXFileReference; fileEncoding = 4; lastKnownFileType = sourcecode.swift; path = Profile.swift; sourceTree = "<group>"; };
		9143F7691DD0FA910030368D /* TabBarController.swift */ = {isa = PBXFileReference; fileEncoding = 4; lastKnownFileType = sourcecode.swift; path = TabBarController.swift; sourceTree = "<group>"; };
		9143F76B1DD0FB220030368D /* Colors.swift */ = {isa = PBXFileReference; fileEncoding = 4; lastKnownFileType = sourcecode.swift; path = Colors.swift; sourceTree = "<group>"; };
		915CDEE01DD8EA330032817F /* CompanyViewController.swift */ = {isa = PBXFileReference; fileEncoding = 4; lastKnownFileType = sourcecode.swift; path = CompanyViewController.swift; sourceTree = "<group>"; };
		915CDEE41DD8EC6F0032817F /* Company.swift */ = {isa = PBXFileReference; fileEncoding = 4; lastKnownFileType = sourcecode.swift; path = Company.swift; sourceTree = "<group>"; };
		915CDEE61DD8ECD50032817F /* Favorite.swift */ = {isa = PBXFileReference; fileEncoding = 4; lastKnownFileType = sourcecode.swift; path = Favorite.swift; sourceTree = "<group>"; };
		915CDEE81DD8FEF00032817F /* AccoridionViewController.swift */ = {isa = PBXFileReference; fileEncoding = 4; lastKnownFileType = sourcecode.swift; path = AccoridionViewController.swift; sourceTree = "<group>"; };
		917622191DEEAE2E00B4199A /* NoFavoritesCollectionViewCell.swift */ = {isa = PBXFileReference; fileEncoding = 4; lastKnownFileType = sourcecode.swift; path = NoFavoritesCollectionViewCell.swift; sourceTree = "<group>"; };
		919E960D1DD913B500292231 /* ALSeparatorView.swift */ = {isa = PBXFileReference; fileEncoding = 4; lastKnownFileType = sourcecode.swift; path = ALSeparatorView.swift; sourceTree = "<group>"; };
		919E96111DD913DD00292231 /* ALSingleLineHeaderView.swift */ = {isa = PBXFileReference; fileEncoding = 4; lastKnownFileType = sourcecode.swift; name = ALSingleLineHeaderView.swift; path = Headers/ALSingleLineHeaderView.swift; sourceTree = "<group>"; };
		919E961B1DDAF34B00292231 /* ContactTableViewCell.swift */ = {isa = PBXFileReference; fileEncoding = 4; lastKnownFileType = sourcecode.swift; path = ContactTableViewCell.swift; sourceTree = "<group>"; };
		919E961D1DDAF3A700292231 /* ContactTableViewController.swift */ = {isa = PBXFileReference; fileEncoding = 4; lastKnownFileType = sourcecode.swift; path = ContactTableViewController.swift; sourceTree = "<group>"; };
		919E961F1DDAF42400292231 /* Contact.swift */ = {isa = PBXFileReference; fileEncoding = 4; lastKnownFileType = sourcecode.swift; path = Contact.swift; sourceTree = "<group>"; };
/* End PBXFileReference section */

/* Begin PBXFrameworksBuildPhase section */
		9143F7431DD0F3150030368D /* Frameworks */ = {
			isa = PBXFrameworksBuildPhase;
			buildActionMask = 2147483647;
			files = (
				FACD8132ED281D8512243DE8 /* Pods_fiNDme.framework in Frameworks */,
			);
			runOnlyForDeploymentPostprocessing = 0;
		};
/* End PBXFrameworksBuildPhase section */

/* Begin PBXGroup section */
		24899E1800FDADD674AB65BD /* Pods */ = {
			isa = PBXGroup;
			children = (
				1A7B6904835C1839542CFE6C /* Pods-fiNDme.debug.xcconfig */,
				5DE8CD1C66DF5FDD1F28F55E /* Pods-fiNDme.release.xcconfig */,
			);
			name = Pods;
			sourceTree = "<group>";
		};
		45E26F0112191C772BD0B816 /* Frameworks */ = {
			isa = PBXGroup;
			children = (
				5FB4A0BA1A096FA0B84FC809 /* Pods_fiNDme.framework */,
			);
			name = Frameworks;
			sourceTree = "<group>";
		};
		53CD9FA41DE23BB200D2BFD3 /* Cells */ = {
			isa = PBXGroup;
			children = (
				535FF27D1DD9227D00180BC4 /* CompanyTableViewCell.swift */,
				919E961B1DDAF34B00292231 /* ContactTableViewCell.swift */,
				9135FFB41DECC4B9004C83FD /* FavoriteCollectionViewCell.swift */,
				917622191DEEAE2E00B4199A /* NoFavoritesCollectionViewCell.swift */,
			);
			name = Cells;
			sourceTree = "<group>";
		};
		53CD9FE11DEE0E4400D2BFD3 /* Layout */ = {
			isa = PBXGroup;
			children = (
				9143F7691DD0FA910030368D /* TabBarController.swift */,
				53CD9FDF1DEDFF6C00D2BFD3 /* NavigationViewController.swift */,
				53023FDB1DF227580095BA89 /* View.swift */,
			);
			name = Layout;
			sourceTree = "<group>";
		};
		53CD9FE21DEE0E5600D2BFD3 /* Contact */ = {
			isa = PBXGroup;
			children = (
				9143F74D1DD0F3150030368D /* ContactViewController.swift */,
				919E961D1DDAF3A700292231 /* ContactTableViewController.swift */,
			);
			name = Contact;
			sourceTree = "<group>";
		};
		53CD9FE31DEE0E5B00D2BFD3 /* Home */ = {
			isa = PBXGroup;
			children = (
				9135FFB61DECC56C004C83FD /* FavoritesCollectionViewController.swift */,
				915CDEE01DD8EA330032817F /* CompanyViewController.swift */,
				915CDEE81DD8FEF00032817F /* AccoridionViewController.swift */,
			);
			name = Home;
			sourceTree = "<group>";
		};
		53CD9FE41DEE0E5F00D2BFD3 /* Find */ = {
			isa = PBXGroup;
			children = (
				53CD9FD71DE50CD700D2BFD3 /* Match2ViewController.swift */,
				535FF27B1DD9226300180BC4 /* FindTableViewController.swift */,
				53CD9FC41DE3AF8C00D2BFD3 /* SearchViewController.swift */,
				53CD9FB21DE2471900D2BFD3 /* CompanySwipeViewController.swift */,
			);
			name = Find;
			sourceTree = "<group>";
		};
		53CD9FE51DEE0E6600D2BFD3 /* Map */ = {
			isa = PBXGroup;
			children = (
				9143F7601DD0F5B30030368D /* MapViewController.swift */,
			);
			name = Map;
			sourceTree = "<group>";
		};
		53CD9FE61DEE0E6900D2BFD3 /* Profile */ = {
			isa = PBXGroup;
			children = (
				53CD9FC21DE2AED900D2BFD3 /* ProfileTableViewController.swift */,
			);
			name = Profile;
			sourceTree = "<group>";
		};
		9143F73D1DD0F3150030368D = {
			isa = PBXGroup;
			children = (
				9143F7481DD0F3150030368D /* fiNDme */,
				9143F7471DD0F3150030368D /* Products */,
				24899E1800FDADD674AB65BD /* Pods */,
				45E26F0112191C772BD0B816 /* Frameworks */,
			);
			sourceTree = "<group>";
		};
		9143F7471DD0F3150030368D /* Products */ = {
			isa = PBXGroup;
			children = (
				9143F7461DD0F3150030368D /* fiNDme.app */,
			);
			name = Products;
			sourceTree = "<group>";
		};
		9143F7481DD0F3150030368D /* fiNDme */ = {
			isa = PBXGroup;
			children = (
				9143F7661DD0F6540030368D /* Models */,
				9143F75D1DD0F40A0030368D /* ViewControllers */,
				9143F7641DD0F6410030368D /* Views */,
				9143F7651DD0F6470030368D /* Misc */,
			);
			path = fiNDme;
			sourceTree = "<group>";
		};
		9143F75D1DD0F40A0030368D /* ViewControllers */ = {
			isa = PBXGroup;
			children = (
				53CD9FE61DEE0E6900D2BFD3 /* Profile */,
				53CD9FE51DEE0E6600D2BFD3 /* Map */,
				53CD9FE41DEE0E5F00D2BFD3 /* Find */,
				53CD9FE31DEE0E5B00D2BFD3 /* Home */,
				53CD9FE21DEE0E5600D2BFD3 /* Contact */,
				53CD9FE11DEE0E4400D2BFD3 /* Layout */,
				53CD9FA41DE23BB200D2BFD3 /* Cells */,
			);
			name = ViewControllers;
			sourceTree = "<group>";
		};
		9143F7641DD0F6410030368D /* Views */ = {
			isa = PBXGroup;
			children = (
				9143F74F1DD0F3150030368D /* Main.storyboard */,
			);
			name = Views;
			sourceTree = "<group>";
		};
		9143F7651DD0F6470030368D /* Misc */ = {
			isa = PBXGroup;
			children = (
				919E960D1DD913B500292231 /* ALSeparatorView.swift */,
				919E96111DD913DD00292231 /* ALSingleLineHeaderView.swift */,
				9143F7491DD0F3150030368D /* AppDelegate.swift */,
				9143F7521DD0F3150030368D /* Assets.xcassets */,
				9143F7541DD0F3150030368D /* LaunchScreen.storyboard */,
				9143F7571DD0F3150030368D /* Info.plist */,
			);
			name = Misc;
			sourceTree = "<group>";
		};
		9143F7661DD0F6540030368D /* Models */ = {
			isa = PBXGroup;
			children = (
				9143F7671DD0F6700030368D /* Profile.swift */,
				919E961F1DDAF42400292231 /* Contact.swift */,
				9143F76B1DD0FB220030368D /* Colors.swift */,
				915CDEE61DD8ECD50032817F /* Favorite.swift */,
				9135FFB21DECB237004C83FD /* Database.swift */,
				915CDEE41DD8EC6F0032817F /* Company.swift */,
			);
			name = Models;
			sourceTree = "<group>";
		};
/* End PBXGroup section */

/* Begin PBXNativeTarget section */
		9143F7451DD0F3150030368D /* fiNDme */ = {
			isa = PBXNativeTarget;
			buildConfigurationList = 9143F75A1DD0F3150030368D /* Build configuration list for PBXNativeTarget "fiNDme" */;
			buildPhases = (
				BB7617B64C6794136CD36016 /* [CP] Check Pods Manifest.lock */,
				9143F7421DD0F3150030368D /* Sources */,
				9143F7431DD0F3150030368D /* Frameworks */,
				9143F7441DD0F3150030368D /* Resources */,
				7C73301395F99768C55CB5D4 /* [CP] Embed Pods Frameworks */,
				616486F23D69526923D47C88 /* [CP] Copy Pods Resources */,
			);
			buildRules = (
			);
			dependencies = (
			);
			name = fiNDme;
			productName = fiNDme;
			productReference = 9143F7461DD0F3150030368D /* fiNDme.app */;
			productType = "com.apple.product-type.application";
		};
/* End PBXNativeTarget section */

/* Begin PBXProject section */
		9143F73E1DD0F3150030368D /* Project object */ = {
			isa = PBXProject;
			attributes = {
				LastSwiftUpdateCheck = 0810;
				LastUpgradeCheck = 0810;
				ORGANIZATIONNAME = coryjbara;
				TargetAttributes = {
					9143F7451DD0F3150030368D = {
						CreatedOnToolsVersion = 8.1;
						DevelopmentTeam = 499G2MTD9Y;
						LastSwiftMigration = 0810;
						ProvisioningStyle = Automatic;
					};
				};
			};
			buildConfigurationList = 9143F7411DD0F3150030368D /* Build configuration list for PBXProject "fiNDme" */;
			compatibilityVersion = "Xcode 3.2";
			developmentRegion = English;
			hasScannedForEncodings = 0;
			knownRegions = (
				en,
				Base,
			);
			mainGroup = 9143F73D1DD0F3150030368D;
			productRefGroup = 9143F7471DD0F3150030368D /* Products */;
			projectDirPath = "";
			projectRoot = "";
			targets = (
				9143F7451DD0F3150030368D /* fiNDme */,
			);
		};
/* End PBXProject section */

/* Begin PBXResourcesBuildPhase section */
		9143F7441DD0F3150030368D /* Resources */ = {
			isa = PBXResourcesBuildPhase;
			buildActionMask = 2147483647;
			files = (
				9143F7561DD0F3150030368D /* LaunchScreen.storyboard in Resources */,
				9143F7531DD0F3150030368D /* Assets.xcassets in Resources */,
				9143F7511DD0F3150030368D /* Main.storyboard in Resources */,
			);
			runOnlyForDeploymentPostprocessing = 0;
		};
/* End PBXResourcesBuildPhase section */

/* Begin PBXShellScriptBuildPhase section */
		616486F23D69526923D47C88 /* [CP] Copy Pods Resources */ = {
			isa = PBXShellScriptBuildPhase;
			buildActionMask = 2147483647;
			files = (
			);
			inputPaths = (
			);
			name = "[CP] Copy Pods Resources";
			outputPaths = (
			);
			runOnlyForDeploymentPostprocessing = 0;
			shellPath = /bin/sh;
			shellScript = "\"${SRCROOT}/Pods/Target Support Files/Pods-fiNDme/Pods-fiNDme-resources.sh\"\n";
			showEnvVarsInLog = 0;
		};
		7C73301395F99768C55CB5D4 /* [CP] Embed Pods Frameworks */ = {
			isa = PBXShellScriptBuildPhase;
			buildActionMask = 2147483647;
			files = (
			);
			inputPaths = (
			);
			name = "[CP] Embed Pods Frameworks";
			outputPaths = (
			);
			runOnlyForDeploymentPostprocessing = 0;
			shellPath = /bin/sh;
			shellScript = "\"${SRCROOT}/Pods/Target Support Files/Pods-fiNDme/Pods-fiNDme-frameworks.sh\"\n";
			showEnvVarsInLog = 0;
		};
		BB7617B64C6794136CD36016 /* [CP] Check Pods Manifest.lock */ = {
			isa = PBXShellScriptBuildPhase;
			buildActionMask = 2147483647;
			files = (
			);
			inputPaths = (
			);
			name = "[CP] Check Pods Manifest.lock";
			outputPaths = (
			);
			runOnlyForDeploymentPostprocessing = 0;
			shellPath = /bin/sh;
			shellScript = "diff \"${PODS_ROOT}/../Podfile.lock\" \"${PODS_ROOT}/Manifest.lock\" > /dev/null\nif [ $? != 0 ] ; then\n    # print error to STDERR\n    echo \"error: The sandbox is not in sync with the Podfile.lock. Run 'pod install' or update your CocoaPods installation.\" >&2\n    exit 1\nfi\n";
			showEnvVarsInLog = 0;
		};
/* End PBXShellScriptBuildPhase section */

/* Begin PBXSourcesBuildPhase section */
		9143F7421DD0F3150030368D /* Sources */ = {
			isa = PBXSourcesBuildPhase;
			buildActionMask = 2147483647;
			files = (
				919E961E1DDAF3A700292231 /* ContactTableViewController.swift in Sources */,
				535FF27C1DD9226300180BC4 /* FindTableViewController.swift in Sources */,
				9143F76C1DD0FB220030368D /* Colors.swift in Sources */,
				53CD9FE01DEDFF6C00D2BFD3 /* NavigationViewController.swift in Sources */,
				53CD9FC51DE3AF8C00D2BFD3 /* SearchViewController.swift in Sources */,
				9135FFB51DECC4B9004C83FD /* FavoriteCollectionViewCell.swift in Sources */,
				919E96121DD913DD00292231 /* ALSingleLineHeaderView.swift in Sources */,
				919E960F1DD913B500292231 /* ALSeparatorView.swift in Sources */,
				915CDEE71DD8ECD50032817F /* Favorite.swift in Sources */,
				53CD9FD81DE50CD700D2BFD3 /* Match2ViewController.swift in Sources */,
				9135FFB71DECC56C004C83FD /* FavoritesCollectionViewController.swift in Sources */,
				919E961C1DDAF34B00292231 /* ContactTableViewCell.swift in Sources */,
				9143F76A1DD0FA910030368D /* TabBarController.swift in Sources */,
				53CD9FC31DE2AED900D2BFD3 /* ProfileTableViewController.swift in Sources */,
				53023FDC1DF227580095BA89 /* View.swift in Sources */,
				53CD9FB31DE2471900D2BFD3 /* CompanySwipeViewController.swift in Sources */,
				9176221A1DEEAE2E00B4199A /* NoFavoritesCollectionViewCell.swift in Sources */,
				915CDEE91DD8FEF00032817F /* AccoridionViewController.swift in Sources */,
				9143F74E1DD0F3150030368D /* ContactViewController.swift in Sources */,
				915CDEE11DD8EA330032817F /* CompanyViewController.swift in Sources */,
				919E96201DDAF42400292231 /* Contact.swift in Sources */,
				9143F74A1DD0F3150030368D /* AppDelegate.swift in Sources */,
				9143F7681DD0F6700030368D /* Profile.swift in Sources */,
				535FF27E1DD9227D00180BC4 /* CompanyTableViewCell.swift in Sources */,
				9143F7611DD0F5B30030368D /* MapViewController.swift in Sources */,
				9135FFB31DECB237004C83FD /* Database.swift in Sources */,
				915CDEE51DD8EC6F0032817F /* Company.swift in Sources */,
			);
			runOnlyForDeploymentPostprocessing = 0;
		};
/* End PBXSourcesBuildPhase section */

/* Begin PBXVariantGroup section */
		9143F74F1DD0F3150030368D /* Main.storyboard */ = {
			isa = PBXVariantGroup;
			children = (
				9143F7501DD0F3150030368D /* Base */,
			);
			name = Main.storyboard;
			sourceTree = "<group>";
		};
		9143F7541DD0F3150030368D /* LaunchScreen.storyboard */ = {
			isa = PBXVariantGroup;
			children = (
				9143F7551DD0F3150030368D /* Base */,
			);
			name = LaunchScreen.storyboard;
			sourceTree = "<group>";
		};
/* End PBXVariantGroup section */

/* Begin XCBuildConfiguration section */
		9143F7581DD0F3150030368D /* Debug */ = {
			isa = XCBuildConfiguration;
			buildSettings = {
				ALWAYS_SEARCH_USER_PATHS = NO;
				CLANG_ANALYZER_NONNULL = YES;
				CLANG_CXX_LANGUAGE_STANDARD = "gnu++0x";
				CLANG_CXX_LIBRARY = "libc++";
				CLANG_ENABLE_MODULES = YES;
				CLANG_ENABLE_OBJC_ARC = YES;
				CLANG_WARN_BOOL_CONVERSION = YES;
				CLANG_WARN_CONSTANT_CONVERSION = YES;
				CLANG_WARN_DIRECT_OBJC_ISA_USAGE = YES_ERROR;
				CLANG_WARN_DOCUMENTATION_COMMENTS = YES;
				CLANG_WARN_EMPTY_BODY = YES;
				CLANG_WARN_ENUM_CONVERSION = YES;
				CLANG_WARN_INFINITE_RECURSION = YES;
				CLANG_WARN_INT_CONVERSION = YES;
				CLANG_WARN_OBJC_ROOT_CLASS = YES_ERROR;
				CLANG_WARN_SUSPICIOUS_MOVES = YES;
				CLANG_WARN_UNREACHABLE_CODE = YES;
				CLANG_WARN__DUPLICATE_METHOD_MATCH = YES;
				"CODE_SIGN_IDENTITY[sdk=iphoneos*]" = "iPhone Developer";
				COPY_PHASE_STRIP = NO;
				DEBUG_INFORMATION_FORMAT = dwarf;
				ENABLE_STRICT_OBJC_MSGSEND = YES;
				ENABLE_TESTABILITY = YES;
				GCC_C_LANGUAGE_STANDARD = gnu99;
				GCC_DYNAMIC_NO_PIC = NO;
				GCC_NO_COMMON_BLOCKS = YES;
				GCC_OPTIMIZATION_LEVEL = 0;
				GCC_PREPROCESSOR_DEFINITIONS = (
					"DEBUG=1",
					"$(inherited)",
				);
				GCC_WARN_64_TO_32_BIT_CONVERSION = YES;
				GCC_WARN_ABOUT_RETURN_TYPE = YES_ERROR;
				GCC_WARN_UNDECLARED_SELECTOR = YES;
				GCC_WARN_UNINITIALIZED_AUTOS = YES_AGGRESSIVE;
				GCC_WARN_UNUSED_FUNCTION = YES;
				GCC_WARN_UNUSED_VARIABLE = YES;
				IPHONEOS_DEPLOYMENT_TARGET = 10.1;
				MTL_ENABLE_DEBUG_INFO = YES;
				ONLY_ACTIVE_ARCH = YES;
				SDKROOT = iphoneos;
				SWIFT_ACTIVE_COMPILATION_CONDITIONS = DEBUG;
				SWIFT_OPTIMIZATION_LEVEL = "-Onone";
				TARGETED_DEVICE_FAMILY = "1,2";
			};
			name = Debug;
		};
		9143F7591DD0F3150030368D /* Release */ = {
			isa = XCBuildConfiguration;
			buildSettings = {
				ALWAYS_SEARCH_USER_PATHS = NO;
				CLANG_ANALYZER_NONNULL = YES;
				CLANG_CXX_LANGUAGE_STANDARD = "gnu++0x";
				CLANG_CXX_LIBRARY = "libc++";
				CLANG_ENABLE_MODULES = YES;
				CLANG_ENABLE_OBJC_ARC = YES;
				CLANG_WARN_BOOL_CONVERSION = YES;
				CLANG_WARN_CONSTANT_CONVERSION = YES;
				CLANG_WARN_DIRECT_OBJC_ISA_USAGE = YES_ERROR;
				CLANG_WARN_DOCUMENTATION_COMMENTS = YES;
				CLANG_WARN_EMPTY_BODY = YES;
				CLANG_WARN_ENUM_CONVERSION = YES;
				CLANG_WARN_INFINITE_RECURSION = YES;
				CLANG_WARN_INT_CONVERSION = YES;
				CLANG_WARN_OBJC_ROOT_CLASS = YES_ERROR;
				CLANG_WARN_SUSPICIOUS_MOVES = YES;
				CLANG_WARN_UNREACHABLE_CODE = YES;
				CLANG_WARN__DUPLICATE_METHOD_MATCH = YES;
				"CODE_SIGN_IDENTITY[sdk=iphoneos*]" = "iPhone Developer";
				COPY_PHASE_STRIP = NO;
				DEBUG_INFORMATION_FORMAT = "dwarf-with-dsym";
				ENABLE_NS_ASSERTIONS = NO;
				ENABLE_STRICT_OBJC_MSGSEND = YES;
				GCC_C_LANGUAGE_STANDARD = gnu99;
				GCC_NO_COMMON_BLOCKS = YES;
				GCC_WARN_64_TO_32_BIT_CONVERSION = YES;
				GCC_WARN_ABOUT_RETURN_TYPE = YES_ERROR;
				GCC_WARN_UNDECLARED_SELECTOR = YES;
				GCC_WARN_UNINITIALIZED_AUTOS = YES_AGGRESSIVE;
				GCC_WARN_UNUSED_FUNCTION = YES;
				GCC_WARN_UNUSED_VARIABLE = YES;
				IPHONEOS_DEPLOYMENT_TARGET = 10.1;
				MTL_ENABLE_DEBUG_INFO = NO;
				SDKROOT = iphoneos;
				SWIFT_OPTIMIZATION_LEVEL = "-Owholemodule";
				TARGETED_DEVICE_FAMILY = "1,2";
				VALIDATE_PRODUCT = YES;
			};
			name = Release;
		};
		9143F75B1DD0F3150030368D /* Debug */ = {
			isa = XCBuildConfiguration;
			baseConfigurationReference = 1A7B6904835C1839542CFE6C /* Pods-fiNDme.debug.xcconfig */;
			buildSettings = {
				ASSETCATALOG_COMPILER_APPICON_NAME = AppIcon;
				"CODE_SIGN_IDENTITY[sdk=iphoneos*]" = "iPhone Developer";
				DEVELOPMENT_TEAM = 499G2MTD9Y;
				INFOPLIST_FILE = fiNDme/Info.plist;
				LD_RUNPATH_SEARCH_PATHS = "$(inherited) @executable_path/Frameworks";
				PRODUCT_BUNDLE_IDENTIFIER = findmeCJ;
				PRODUCT_NAME = "$(TARGET_NAME)";
				SWIFT_OPTIMIZATION_LEVEL = "-Owholemodule";
				SWIFT_VERSION = 3.0;
			};
			name = Debug;
		};
		9143F75C1DD0F3150030368D /* Release */ = {
			isa = XCBuildConfiguration;
			baseConfigurationReference = 5DE8CD1C66DF5FDD1F28F55E /* Pods-fiNDme.release.xcconfig */;
			buildSettings = {
				ASSETCATALOG_COMPILER_APPICON_NAME = AppIcon;
				"CODE_SIGN_IDENTITY[sdk=iphoneos*]" = "iPhone Developer";
				DEVELOPMENT_TEAM = 499G2MTD9Y;
				INFOPLIST_FILE = fiNDme/Info.plist;
				LD_RUNPATH_SEARCH_PATHS = "$(inherited) @executable_path/Frameworks";
				PRODUCT_BUNDLE_IDENTIFIER = findmeCJ;
				PRODUCT_NAME = "$(TARGET_NAME)";
				SWIFT_OPTIMIZATION_LEVEL = "-Owholemodule";
				SWIFT_VERSION = 3.0;
			};
			name = Release;
		};
/* End XCBuildConfiguration section */

/* Begin XCConfigurationList section */
		9143F7411DD0F3150030368D /* Build configuration list for PBXProject "fiNDme" */ = {
			isa = XCConfigurationList;
			buildConfigurations = (
				9143F7581DD0F3150030368D /* Debug */,
				9143F7591DD0F3150030368D /* Release */,
			);
			defaultConfigurationIsVisible = 0;
			defaultConfigurationName = Release;
		};
		9143F75A1DD0F3150030368D /* Build configuration list for PBXNativeTarget "fiNDme" */ = {
			isa = XCConfigurationList;
			buildConfigurations = (
				9143F75B1DD0F3150030368D /* Debug */,
				9143F75C1DD0F3150030368D /* Release */,
			);
			defaultConfigurationIsVisible = 0;
			defaultConfigurationName = Release;
		};
/* End XCConfigurationList section */
	};
	rootObject = 9143F73E1DD0F3150030368D /* Project object */;
}
